// !$*UTF8*$!
{
	archiveVersion = 1;
	classes = {
	};
	objectVersion = 50;
	objects = {

/* Begin PBXBuildFile section */
		3AAD3AA7244E1FCE001F22DB /* AppDelegate.swift in Sources */ = {isa = PBXBuildFile; fileRef = 3AAD3AA6244E1FCE001F22DB /* AppDelegate.swift */; };
		3AAD3AA9244E1FCE001F22DB /* ViewController.swift in Sources */ = {isa = PBXBuildFile; fileRef = 3AAD3AA8244E1FCE001F22DB /* ViewController.swift */; };
		3AAD3AAB244E1FCF001F22DB /* Assets.xcassets in Resources */ = {isa = PBXBuildFile; fileRef = 3AAD3AAA244E1FCF001F22DB /* Assets.xcassets */; };
		3AAD3AAE244E1FCF001F22DB /* Main.storyboard in Resources */ = {isa = PBXBuildFile; fileRef = 3AAD3AAC244E1FCF001F22DB /* Main.storyboard */; };
		3AAD3ABA244E1FCF001F22DB /* DS2CodeGeneratorTests.swift in Sources */ = {isa = PBXBuildFile; fileRef = 3AAD3AB9244E1FCF001F22DB /* DS2CodeGeneratorTests.swift */; };
		3AAD3AC5244E1FE4001F22DB /* TemplateManagerTests.swift in Sources */ = {isa = PBXBuildFile; fileRef = 3AAD3AC4244E1FE4001F22DB /* TemplateManagerTests.swift */; };
		3AAD3AC7244E2015001F22DB /* TemplateManager.swift in Sources */ = {isa = PBXBuildFile; fileRef = 3AAD3AC6244E2015001F22DB /* TemplateManager.swift */; };
/* End PBXBuildFile section */

/* Begin PBXContainerItemProxy section */
		3AAD3AB6244E1FCF001F22DB /* PBXContainerItemProxy */ = {
			isa = PBXContainerItemProxy;
			containerPortal = 3AAD3A9B244E1FCE001F22DB /* Project object */;
			proxyType = 1;
			remoteGlobalIDString = 3AAD3AA2244E1FCE001F22DB;
			remoteInfo = DS2CodeGenerator;
		};
/* End PBXContainerItemProxy section */

/* Begin PBXFileReference section */
		3AAD3AA3244E1FCE001F22DB /* DS2CodeGenerator.app */ = {isa = PBXFileReference; explicitFileType = wrapper.application; includeInIndex = 0; path = DS2CodeGenerator.app; sourceTree = BUILT_PRODUCTS_DIR; };
		3AAD3AA6244E1FCE001F22DB /* AppDelegate.swift */ = {isa = PBXFileReference; lastKnownFileType = sourcecode.swift; path = AppDelegate.swift; sourceTree = "<group>"; };
		3AAD3AA8244E1FCE001F22DB /* ViewController.swift */ = {isa = PBXFileReference; lastKnownFileType = sourcecode.swift; path = ViewController.swift; sourceTree = "<group>"; };
		3AAD3AAA244E1FCF001F22DB /* Assets.xcassets */ = {isa = PBXFileReference; lastKnownFileType = folder.assetcatalog; path = Assets.xcassets; sourceTree = "<group>"; };
		3AAD3AAD244E1FCF001F22DB /* Base */ = {isa = PBXFileReference; lastKnownFileType = file.storyboard; name = Base; path = Base.lproj/Main.storyboard; sourceTree = "<group>"; };
		3AAD3AAF244E1FCF001F22DB /* Info.plist */ = {isa = PBXFileReference; lastKnownFileType = text.plist.xml; path = Info.plist; sourceTree = "<group>"; };
		3AAD3AB0244E1FCF001F22DB /* DS2CodeGenerator.entitlements */ = {isa = PBXFileReference; lastKnownFileType = text.plist.entitlements; path = DS2CodeGenerator.entitlements; sourceTree = "<group>"; };
		3AAD3AB5244E1FCF001F22DB /* DS2CodeGeneratorTests.xctest */ = {isa = PBXFileReference; explicitFileType = wrapper.cfbundle; includeInIndex = 0; path = DS2CodeGeneratorTests.xctest; sourceTree = BUILT_PRODUCTS_DIR; };
		3AAD3AB9244E1FCF001F22DB /* DS2CodeGeneratorTests.swift */ = {isa = PBXFileReference; lastKnownFileType = sourcecode.swift; path = DS2CodeGeneratorTests.swift; sourceTree = "<group>"; };
		3AAD3ABB244E1FCF001F22DB /* Info.plist */ = {isa = PBXFileReference; lastKnownFileType = text.plist.xml; path = Info.plist; sourceTree = "<group>"; };
		3AAD3AC4244E1FE4001F22DB /* TemplateManagerTests.swift */ = {isa = PBXFileReference; lastKnownFileType = sourcecode.swift; path = TemplateManagerTests.swift; sourceTree = "<group>"; };
		3AAD3AC6244E2015001F22DB /* TemplateManager.swift */ = {isa = PBXFileReference; lastKnownFileType = sourcecode.swift; path = TemplateManager.swift; sourceTree = "<group>"; };
/* End PBXFileReference section */

/* Begin PBXFrameworksBuildPhase section */
		3AAD3AA0244E1FCE001F22DB /* Frameworks */ = {
			isa = PBXFrameworksBuildPhase;
			buildActionMask = 2147483647;
			files = (
			);
			runOnlyForDeploymentPostprocessing = 0;
		};
		3AAD3AB2244E1FCF001F22DB /* Frameworks */ = {
			isa = PBXFrameworksBuildPhase;
			buildActionMask = 2147483647;
			files = (
			);
			runOnlyForDeploymentPostprocessing = 0;
		};
/* End PBXFrameworksBuildPhase section */

/* Begin PBXGroup section */
		3AAD3A9A244E1FCE001F22DB = {
			isa = PBXGroup;
			children = (
				3AAD3AA5244E1FCE001F22DB /* DS2CodeGenerator */,
				3AAD3AB8244E1FCF001F22DB /* DS2CodeGeneratorTests */,
				3AAD3AA4244E1FCE001F22DB /* Products */,
			);
			sourceTree = "<group>";
		};
		3AAD3AA4244E1FCE001F22DB /* Products */ = {
			isa = PBXGroup;
			children = (
				3AAD3AA3244E1FCE001F22DB /* DS2CodeGenerator.app */,
				3AAD3AB5244E1FCF001F22DB /* DS2CodeGeneratorTests.xctest */,
			);
			name = Products;
			sourceTree = "<group>";
		};
		3AAD3AA5244E1FCE001F22DB /* DS2CodeGenerator */ = {
			isa = PBXGroup;
			children = (
				3AAD3AA6244E1FCE001F22DB /* AppDelegate.swift */,
				3AAD3AA8244E1FCE001F22DB /* ViewController.swift */,
				3AAD3AAA244E1FCF001F22DB /* Assets.xcassets */,
				3AAD3AAC244E1FCF001F22DB /* Main.storyboard */,
				3AAD3AAF244E1FCF001F22DB /* Info.plist */,
				3AAD3AB0244E1FCF001F22DB /* DS2CodeGenerator.entitlements */,
				3AAD3AC6244E2015001F22DB /* TemplateManager.swift */,
			);
			path = DS2CodeGenerator;
			sourceTree = "<group>";
		};
		3AAD3AB8244E1FCF001F22DB /* DS2CodeGeneratorTests */ = {
			isa = PBXGroup;
			children = (
				3AAD3AB9244E1FCF001F22DB /* DS2CodeGeneratorTests.swift */,
				3AAD3ABB244E1FCF001F22DB /* Info.plist */,
				3AAD3AC4244E1FE4001F22DB /* TemplateManagerTests.swift */,
			);
			path = DS2CodeGeneratorTests;
			sourceTree = "<group>";
		};
/* End PBXGroup section */

/* Begin PBXNativeTarget section */
		3AAD3AA2244E1FCE001F22DB /* DS2CodeGenerator */ = {
			isa = PBXNativeTarget;
			buildConfigurationList = 3AAD3ABE244E1FCF001F22DB /* Build configuration list for PBXNativeTarget "DS2CodeGenerator" */;
			buildPhases = (
				3AAD3A9F244E1FCE001F22DB /* Sources */,
				3AAD3AA0244E1FCE001F22DB /* Frameworks */,
				3AAD3AA1244E1FCE001F22DB /* Resources */,
			);
			buildRules = (
			);
			dependencies = (
			);
			name = DS2CodeGenerator;
			productName = DS2CodeGenerator;
			productReference = 3AAD3AA3244E1FCE001F22DB /* DS2CodeGenerator.app */;
			productType = "com.apple.product-type.application";
		};
		3AAD3AB4244E1FCF001F22DB /* DS2CodeGeneratorTests */ = {
			isa = PBXNativeTarget;
			buildConfigurationList = 3AAD3AC1244E1FCF001F22DB /* Build configuration list for PBXNativeTarget "DS2CodeGeneratorTests" */;
			buildPhases = (
				3AAD3AB1244E1FCF001F22DB /* Sources */,
				3AAD3AB2244E1FCF001F22DB /* Frameworks */,
				3AAD3AB3244E1FCF001F22DB /* Resources */,
			);
			buildRules = (
			);
			dependencies = (
				3AAD3AB7244E1FCF001F22DB /* PBXTargetDependency */,
			);
			name = DS2CodeGeneratorTests;
			productName = DS2CodeGeneratorTests;
			productReference = 3AAD3AB5244E1FCF001F22DB /* DS2CodeGeneratorTests.xctest */;
			productType = "com.apple.product-type.bundle.unit-test";
		};
/* End PBXNativeTarget section */

/* Begin PBXProject section */
		3AAD3A9B244E1FCE001F22DB /* Project object */ = {
			isa = PBXProject;
			attributes = {
				LastSwiftUpdateCheck = 1030;
				LastUpgradeCheck = 1030;
				ORGANIZATIONNAME = "Drew Sullivan";
				TargetAttributes = {
					3AAD3AA2244E1FCE001F22DB = {
						CreatedOnToolsVersion = 10.3;
					};
					3AAD3AB4244E1FCF001F22DB = {
						CreatedOnToolsVersion = 10.3;
						TestTargetID = 3AAD3AA2244E1FCE001F22DB;
					};
				};
			};
			buildConfigurationList = 3AAD3A9E244E1FCE001F22DB /* Build configuration list for PBXProject "DS2CodeGenerator" */;
			compatibilityVersion = "Xcode 9.3";
			developmentRegion = en;
			hasScannedForEncodings = 0;
			knownRegions = (
				en,
				Base,
			);
			mainGroup = 3AAD3A9A244E1FCE001F22DB;
			productRefGroup = 3AAD3AA4244E1FCE001F22DB /* Products */;
			projectDirPath = "";
			projectRoot = "";
			targets = (
				3AAD3AA2244E1FCE001F22DB /* DS2CodeGenerator */,
				3AAD3AB4244E1FCF001F22DB /* DS2CodeGeneratorTests */,
			);
		};
/* End PBXProject section */

/* Begin PBXResourcesBuildPhase section */
		3AAD3AA1244E1FCE001F22DB /* Resources */ = {
			isa = PBXResourcesBuildPhase;
			buildActionMask = 2147483647;
			files = (
				3AAD3AAB244E1FCF001F22DB /* Assets.xcassets in Resources */,
				3AAD3AAE244E1FCF001F22DB /* Main.storyboard in Resources */,
			);
			runOnlyForDeploymentPostprocessing = 0;
		};
		3AAD3AB3244E1FCF001F22DB /* Resources */ = {
			isa = PBXResourcesBuildPhase;
			buildActionMask = 2147483647;
			files = (
			);
			runOnlyForDeploymentPostprocessing = 0;
		};
/* End PBXResourcesBuildPhase section */

/* Begin PBXSourcesBuildPhase section */
		3AAD3A9F244E1FCE001F22DB /* Sources */ = {
			isa = PBXSourcesBuildPhase;
			buildActionMask = 2147483647;
			files = (
				3AAD3AA9244E1FCE001F22DB /* ViewController.swift in Sources */,
				3AAD3AA7244E1FCE001F22DB /* AppDelegate.swift in Sources */,
				3AAD3AC7244E2015001F22DB /* TemplateManager.swift in Sources */,
			);
			runOnlyForDeploymentPostprocessing = 0;
		};
		3AAD3AB1244E1FCF001F22DB /* Sources */ = {
			isa = PBXSourcesBuildPhase;
			buildActionMask = 2147483647;
			files = (
				3AAD3ABA244E1FCF001F22DB /* DS2CodeGeneratorTests.swift in Sources */,
				3AAD3AC5244E1FE4001F22DB /* TemplateManagerTests.swift in Sources */,
			);
			runOnlyForDeploymentPostprocessing = 0;
		};
/* End PBXSourcesBuildPhase section */

/* Begin PBXTargetDependency section */
		3AAD3AB7244E1FCF001F22DB /* PBXTargetDependency */ = {
			isa = PBXTargetDependency;
			target = 3AAD3AA2244E1FCE001F22DB /* DS2CodeGenerator */;
			targetProxy = 3AAD3AB6244E1FCF001F22DB /* PBXContainerItemProxy */;
		};
/* End PBXTargetDependency section */

/* Begin PBXVariantGroup section */
		3AAD3AAC244E1FCF001F22DB /* Main.storyboard */ = {
			isa = PBXVariantGroup;
			children = (
				3AAD3AAD244E1FCF001F22DB /* Base */,
			);
			name = Main.storyboard;
			sourceTree = "<group>";
		};
/* End PBXVariantGroup section */

/* Begin XCBuildConfiguration section */
		3AAD3ABC244E1FCF001F22DB /* Debug */ = {
			isa = XCBuildConfiguration;
			buildSettings = {
				ALWAYS_SEARCH_USER_PATHS = NO;
				CLANG_ANALYZER_NONNULL = YES;
				CLANG_ANALYZER_NUMBER_OBJECT_CONVERSION = YES_AGGRESSIVE;
				CLANG_CXX_LANGUAGE_STANDARD = "gnu++14";
				CLANG_CXX_LIBRARY = "libc++";
				CLANG_ENABLE_MODULES = YES;
				CLANG_ENABLE_OBJC_ARC = YES;
				CLANG_ENABLE_OBJC_WEAK = YES;
				CLANG_WARN_BLOCK_CAPTURE_AUTORELEASING = YES;
				CLANG_WARN_BOOL_CONVERSION = YES;
				CLANG_WARN_COMMA = YES;
				CLANG_WARN_CONSTANT_CONVERSION = YES;
				CLANG_WARN_DEPRECATED_OBJC_IMPLEMENTATIONS = YES;
				CLANG_WARN_DIRECT_OBJC_ISA_USAGE = YES_ERROR;
				CLANG_WARN_DOCUMENTATION_COMMENTS = YES;
				CLANG_WARN_EMPTY_BODY = YES;
				CLANG_WARN_ENUM_CONVERSION = YES;
				CLANG_WARN_INFINITE_RECURSION = YES;
				CLANG_WARN_INT_CONVERSION = YES;
				CLANG_WARN_NON_LITERAL_NULL_CONVERSION = YES;
				CLANG_WARN_OBJC_IMPLICIT_RETAIN_SELF = YES;
				CLANG_WARN_OBJC_LITERAL_CONVERSION = YES;
				CLANG_WARN_OBJC_ROOT_CLASS = YES_ERROR;
				CLANG_WARN_RANGE_LOOP_ANALYSIS = YES;
				CLANG_WARN_STRICT_PROTOTYPES = YES;
				CLANG_WARN_SUSPICIOUS_MOVE = YES;
				CLANG_WARN_UNGUARDED_AVAILABILITY = YES_AGGRESSIVE;
				CLANG_WARN_UNREACHABLE_CODE = YES;
				CLANG_WARN__DUPLICATE_METHOD_MATCH = YES;
				CODE_SIGN_IDENTITY = "Mac Developer";
				COPY_PHASE_STRIP = NO;
				DEBUG_INFORMATION_FORMAT = dwarf;
				ENABLE_STRICT_OBJC_MSGSEND = YES;
				ENABLE_TESTABILITY = YES;
				GCC_C_LANGUAGE_STANDARD = gnu11;
				GCC_DYNAMIC_NO_PIC = NO;
				GCC_NO_COMMON_BLOCKS = YES;
				GCC_OPTIMIZATION_LEVEL = 0;
				GCC_PREPROCESSOR_DEFINITIONS = (
					"DEBUG=1",
					"$(inherited)",
				);
				GCC_WARN_64_TO_32_BIT_CONVERSION = YES;
				GCC_WARN_ABOUT_RETURN_TYPE = YES_ERROR;
				GCC_WARN_UNDECLARED_SELECTOR = YES;
				GCC_WARN_UNINITIALIZED_AUTOS = YES_AGGRESSIVE;
				GCC_WARN_UNUSED_FUNCTION = YES;
				GCC_WARN_UNUSED_VARIABLE = YES;
				MACOSX_DEPLOYMENT_TARGET = 10.14;
				MTL_ENABLE_DEBUG_INFO = INCLUDE_SOURCE;
				MTL_FAST_MATH = YES;
				ONLY_ACTIVE_ARCH = YES;
				SDKROOT = macosx;
				SWIFT_ACTIVE_COMPILATION_CONDITIONS = DEBUG;
				SWIFT_OPTIMIZATION_LEVEL = "-Onone";
			};
			name = Debug;
		};
		3AAD3ABD244E1FCF001F22DB /* Release */ = {
			isa = XCBuildConfiguration;
			buildSettings = {
				ALWAYS_SEARCH_USER_PATHS = NO;
				CLANG_ANALYZER_NONNULL = YES;
				CLANG_ANALYZER_NUMBER_OBJECT_CONVERSION = YES_AGGRESSIVE;
				CLANG_CXX_LANGUAGE_STANDARD = "gnu++14";
				CLANG_CXX_LIBRARY = "libc++";
				CLANG_ENABLE_MODULES = YES;
				CLANG_ENABLE_OBJC_ARC = YES;
				CLANG_ENABLE_OBJC_WEAK = YES;
				CLANG_WARN_BLOCK_CAPTURE_AUTORELEASING = YES;
				CLANG_WARN_BOOL_CONVERSION = YES;
				CLANG_WARN_COMMA = YES;
				CLANG_WARN_CONSTANT_CONVERSION = YES;
				CLANG_WARN_DEPRECATED_OBJC_IMPLEMENTATIONS = YES;
				CLANG_WARN_DIRECT_OBJC_ISA_USAGE = YES_ERROR;
				CLANG_WARN_DOCUMENTATION_COMMENTS = YES;
				CLANG_WARN_EMPTY_BODY = YES;
				CLANG_WARN_ENUM_CONVERSION = YES;
				CLANG_WARN_INFINITE_RECURSION = YES;
				CLANG_WARN_INT_CONVERSION = YES;
				CLANG_WARN_NON_LITERAL_NULL_CONVERSION = YES;
				CLANG_WARN_OBJC_IMPLICIT_RETAIN_SELF = YES;
				CLANG_WARN_OBJC_LITERAL_CONVERSION = YES;
				CLANG_WARN_OBJC_ROOT_CLASS = YES_ERROR;
				CLANG_WARN_RANGE_LOOP_ANALYSIS = YES;
				CLANG_WARN_STRICT_PROTOTYPES = YES;
				CLANG_WARN_SUSPICIOUS_MOVE = YES;
				CLANG_WARN_UNGUARDED_AVAILABILITY = YES_AGGRESSIVE;
				CLANG_WARN_UNREACHABLE_CODE = YES;
				CLANG_WARN__DUPLICATE_METHOD_MATCH = YES;
				CODE_SIGN_IDENTITY = "Mac Developer";
				COPY_PHASE_STRIP = NO;
				DEBUG_INFORMATION_FORMAT = "dwarf-with-dsym";
				ENABLE_NS_ASSERTIONS = NO;
				ENABLE_STRICT_OBJC_MSGSEND = YES;
				GCC_C_LANGUAGE_STANDARD = gnu11;
				GCC_NO_COMMON_BLOCKS = YES;
				GCC_WARN_64_TO_32_BIT_CONVERSION = YES;
				GCC_WARN_ABOUT_RETURN_TYPE = YES_ERROR;
				GCC_WARN_UNDECLARED_SELECTOR = YES;
				GCC_WARN_UNINITIALIZED_AUTOS = YES_AGGRESSIVE;
				GCC_WARN_UNUSED_FUNCTION = YES;
				GCC_WARN_UNUSED_VARIABLE = YES;
				MACOSX_DEPLOYMENT_TARGET = 10.14;
				MTL_ENABLE_DEBUG_INFO = NO;
				MTL_FAST_MATH = YES;
				SDKROOT = macosx;
				SWIFT_COMPILATION_MODE = wholemodule;
				SWIFT_OPTIMIZATION_LEVEL = "-O";
			};
			name = Release;
		};
		3AAD3ABF244E1FCF001F22DB /* Debug */ = {
			isa = XCBuildConfiguration;
			buildSettings = {
				ASSETCATALOG_COMPILER_APPICON_NAME = AppIcon;
				CODE_SIGN_ENTITLEMENTS = DS2CodeGenerator/DS2CodeGenerator.entitlements;
				CODE_SIGN_STYLE = Automatic;
				COMBINE_HIDPI_IMAGES = YES;
				DEVELOPMENT_TEAM = 8JKMQ4CU85;
				INFOPLIST_FILE = DS2CodeGenerator/Info.plist;
				LD_RUNPATH_SEARCH_PATHS = (
					"$(inherited)",
					"@executable_path/../Frameworks",
				);
				PRODUCT_BUNDLE_IDENTIFIER = com.drewsullivandma.DS2CodeGenerator;
				PRODUCT_NAME = "$(TARGET_NAME)";
				SWIFT_VERSION = 5.0;
			};
			name = Debug;
		};
		3AAD3AC0244E1FCF001F22DB /* Release */ = {
			isa = XCBuildConfiguration;
			buildSettings = {
				ASSETCATALOG_COMPILER_APPICON_NAME = AppIcon;
				CODE_SIGN_ENTITLEMENTS = DS2CodeGenerator/DS2CodeGenerator.entitlements;
				CODE_SIGN_STYLE = Automatic;
				COMBINE_HIDPI_IMAGES = YES;
				DEVELOPMENT_TEAM = 8JKMQ4CU85;
				INFOPLIST_FILE = DS2CodeGenerator/Info.plist;
				LD_RUNPATH_SEARCH_PATHS = (
					"$(inherited)",
					"@executable_path/../Frameworks",
				);
				PRODUCT_BUNDLE_IDENTIFIER = com.drewsullivandma.DS2CodeGenerator;
				PRODUCT_NAME = "$(TARGET_NAME)";
				SWIFT_VERSION = 5.0;
			};
			name = Release;
		};
		3AAD3AC2244E1FCF001F22DB /* Debug */ = {
			isa = XCBuildConfiguration;
			buildSettings = {
				ALWAYS_EMBED_SWIFT_STANDARD_LIBRARIES = YES;
				BUNDLE_LOADER = "$(TEST_HOST)";
				CODE_SIGN_STYLE = Automatic;
				COMBINE_HIDPI_IMAGES = YES;
				DEVELOPMENT_TEAM = 8JKMQ4CU85;
				INFOPLIST_FILE = DS2CodeGeneratorTests/Info.plist;
				LD_RUNPATH_SEARCH_PATHS = (
					"$(inherited)",
					"@executable_path/../Frameworks",
					"@loader_path/../Frameworks",
				);
				PRODUCT_BUNDLE_IDENTIFIER = com.drewsullivandma.DS2CodeGeneratorTests;
				PRODUCT_NAME = "$(TARGET_NAME)";
				SWIFT_VERSION = 5.0;
				TEST_HOST = "$(BUILT_PRODUCTS_DIR)/DS2CodeGenerator.app/Contents/MacOS/DS2CodeGenerator";
			};
			name = Debug;
		};
		3AAD3AC3244E1FCF001F22DB /* Release */ = {
			isa = XCBuildConfiguration;
			buildSettings = {
				ALWAYS_EMBED_SWIFT_STANDARD_LIBRARIES = YES;
				BUNDLE_LOADER = "$(TEST_HOST)";
				CODE_SIGN_STYLE = Automatic;
				COMBINE_HIDPI_IMAGES = YES;
				DEVELOPMENT_TEAM = 8JKMQ4CU85;
				INFOPLIST_FILE = DS2CodeGeneratorTests/Info.plist;
				LD_RUNPATH_SEARCH_PATHS = (
					"$(inherited)",
					"@executable_path/../Frameworks",
					"@loader_path/../Frameworks",
				);
				PRODUCT_BUNDLE_IDENTIFIER = com.drewsullivandma.DS2CodeGeneratorTests;
				PRODUCT_NAME = "$(TARGET_NAME)";
				SWIFT_VERSION = 5.0;
				TEST_HOST = "$(BUILT_PRODUCTS_DIR)/DS2CodeGenerator.app/Contents/MacOS/DS2CodeGenerator";
			};
			name = Release;
		};
/* End XCBuildConfiguration section */

/* Begin XCConfigurationList section */
		3AAD3A9E244E1FCE001F22DB /* Build configuration list for PBXProject "DS2CodeGenerator" */ = {
			isa = XCConfigurationList;
			buildConfigurations = (
				3AAD3ABC244E1FCF001F22DB /* Debug */,
				3AAD3ABD244E1FCF001F22DB /* Release */,
			);
			defaultConfigurationIsVisible = 0;
			defaultConfigurationName = Release;
		};
		3AAD3ABE244E1FCF001F22DB /* Build configuration list for PBXNativeTarget "DS2CodeGenerator" */ = {
			isa = XCConfigurationList;
			buildConfigurations = (
				3AAD3ABF244E1FCF001F22DB /* Debug */,
				3AAD3AC0244E1FCF001F22DB /* Release */,
			);
			defaultConfigurationIsVisible = 0;
			defaultConfigurationName = Release;
		};
		3AAD3AC1244E1FCF001F22DB /* Build configuration list for PBXNativeTarget "DS2CodeGeneratorTests" */ = {
			isa = XCConfigurationList;
			buildConfigurations = (
				3AAD3AC2244E1FCF001F22DB /* Debug */,
				3AAD3AC3244E1FCF001F22DB /* Release */,
			);
			defaultConfigurationIsVisible = 0;
			defaultConfigurationName = Release;
		};
/* End XCConfigurationList section */
	};
	rootObject = 3AAD3A9B244E1FCE001F22DB /* Project object */;
}
